
Microsoft Visual Studio Solution File, Format Version 12.00
# Visual Studio Version 16
VisualStudioVersion = 25.0.1704.2
MinimumVisualStudioVersion = 10.0.40219.1
Project("{FAE04EC0-301F-11D3-BF4B-00C04F79EFBC}") = "Product.API", "Product.API\Product.API.csproj", "{88ECDD9E-E1AC-4C69-AA7F-3BCB26DF585B}"
EndProject
Project("{FAE04EC0-301F-11D3-BF4B-00C04F79EFBC}") = "Product.Infrastructure", "Product.Infrastructure\Product.Infrastructure.csproj", "{83DBFEFA-ECF0-4C84-9B50-3C6FA25A3866}"
EndProject
Project("{FAE04EC0-301F-11D3-BF4B-00C04F79EFBC}") = "Product.Application", "Product.Application\Product.Application.csproj", "{0EB80F20-374A-40C6-9CD7-D67D14B4319B}"
EndProject
Project("{FAE04EC0-301F-11D3-BF4B-00C04F79EFBC}") = "Product.Domain", "Product.Domain\Product.Domain.csproj", "{904309F1-E5D7-421C-BEB5-033CEC2D461B}"
EndProject
Project("{E53339B2-1760-4266-BCC7-CA923CBCF16C}") = "docker-compose", "docker-compose.dcproj", "{EECECFF6-F303-49AB-A86E-227E70EBAC95}"
EndProject
Global
	GlobalSection(SolutionConfigurationPlatforms) = preSolution
		Debug|Any CPU = Debug|Any CPU
		Release|Any CPU = Release|Any CPU
	EndGlobalSection
	GlobalSection(ProjectConfigurationPlatforms) = postSolution
		{88ECDD9E-E1AC-4C69-AA7F-3BCB26DF585B}.Debug|Any CPU.ActiveCfg = Debug|Any CPU
		{88ECDD9E-E1AC-4C69-AA7F-3BCB26DF585B}.Debug|Any CPU.Build.0 = Debug|Any CPU
		{88ECDD9E-E1AC-4C69-AA7F-3BCB26DF585B}.Release|Any CPU.ActiveCfg = Release|Any CPU
		{88ECDD9E-E1AC-4C69-AA7F-3BCB26DF585B}.Release|Any CPU.Build.0 = Release|Any CPU
		{83DBFEFA-ECF0-4C84-9B50-3C6FA25A3866}.Debug|Any CPU.ActiveCfg = Debug|Any CPU
		{83DBFEFA-ECF0-4C84-9B50-3C6FA25A3866}.Debug|Any CPU.Build.0 = Debug|Any CPU
		{83DBFEFA-ECF0-4C84-9B50-3C6FA25A3866}.Release|Any CPU.ActiveCfg = Release|Any CPU
		{83DBFEFA-ECF0-4C84-9B50-3C6FA25A3866}.Release|Any CPU.Build.0 = Release|Any CPU
		{0EB80F20-374A-40C6-9CD7-D67D14B4319B}.Debug|Any CPU.ActiveCfg = Debug|Any CPU
		{0EB80F20-374A-40C6-9CD7-D67D14B4319B}.Debug|Any CPU.Build.0 = Debug|Any CPU
		{0EB80F20-374A-40C6-9CD7-D67D14B4319B}.Release|Any CPU.ActiveCfg = Release|Any CPU
		{0EB80F20-374A-40C6-9CD7-D67D14B4319B}.Release|Any CPU.Build.0 = Release|Any CPU
		{904309F1-E5D7-421C-BEB5-033CEC2D461B}.Debug|Any CPU.ActiveCfg = Debug|Any CPU
		{904309F1-E5D7-421C-BEB5-033CEC2D461B}.Debug|Any CPU.Build.0 = Debug|Any CPU
		{904309F1-E5D7-421C-BEB5-033CEC2D461B}.Release|Any CPU.ActiveCfg = Release|Any CPU
		{904309F1-E5D7-421C-BEB5-033CEC2D461B}.Release|Any CPU.Build.0 = Release|Any CPU
		{EECECFF6-F303-49AB-A86E-227E70EBAC95}.Debug|Any CPU.ActiveCfg = Debug|Any CPU
		{EECECFF6-F303-49AB-A86E-227E70EBAC95}.Debug|Any CPU.Build.0 = Debug|Any CPU
		{EECECFF6-F303-49AB-A86E-227E70EBAC95}.Release|Any CPU.ActiveCfg = Release|Any CPU
		{EECECFF6-F303-49AB-A86E-227E70EBAC95}.Release|Any CPU.Build.0 = Release|Any CPU
	EndGlobalSection
	GlobalSection(SolutionProperties) = preSolution
		HideSolutionNode = FALSE
	EndGlobalSection
	GlobalSection(ExtensibilityGlobals) = postSolution
		SolutionGuid = {CA2B8120-5885-4C06-86AD-095A3CCCB4C5}
	EndGlobalSection
EndGlobal
